
Microsoft Visual Studio Solution File, Format Version 12.00
# Visual Studio 15
VisualStudioVersion = 15.0.28307.1705
MinimumVisualStudioVersion = 10.0.40219.1
Project("{FAE04EC0-301F-11D3-BF4B-00C04F79EFBC}") = "ServerConfigMtk-P2-20190140045", "ServerConfigMtk-P2-20190140045\ServerConfigMtk-P2-20190140045.csproj", "{A869E1AD-3676-465A-B1A3-B9BB72419C04}"
EndProject
Global
	GlobalSection(SolutionConfigurationPlatforms) = preSolution
		Debug|Any CPU = Debug|Any CPU
		Release|Any CPU = Release|Any CPU
	EndGlobalSection
	GlobalSection(ProjectConfigurationPlatforms) = postSolution
		{A869E1AD-3676-465A-B1A3-B9BB72419C04}.Debug|Any CPU.ActiveCfg = Debug|Any CPU
		{A869E1AD-3676-465A-B1A3-B9BB72419C04}.Debug|Any CPU.Build.0 = Debug|Any CPU
		{A869E1AD-3676-465A-B1A3-B9BB72419C04}.Release|Any CPU.ActiveCfg = Release|Any CPU
		{A869E1AD-3676-465A-B1A3-B9BB72419C04}.Release|Any CPU.Build.0 = Release|Any CPU
	EndGlobalSection
	GlobalSection(SolutionProperties) = preSolution
		HideSolutionNode = FALSE
	EndGlobalSection
	GlobalSection(ExtensibilityGlobals) = postSolution
		SolutionGuid = {CF5647D6-BA50-4E45-BE92-848FD73D94DE}
	EndGlobalSection
EndGlobal
